
Microsoft Visual Studio Solution File, Format Version 12.00
# Visual Studio Version 16
VisualStudioVersion = 16.0.31729.503
MinimumVisualStudioVersion = 10.0.40219.1
Project("{9A19103F-16F7-4668-BE54-9A1E7A4F7556}") = "BulkLoadCosmos", "BulkLoadCosmos.csproj", "{83011166-6FFE-4755-8925-1E30BF87595C}"
EndProject
Global
	GlobalSection(SolutionConfigurationPlatforms) = preSolution
		Debug|Any CPU = Debug|Any CPU
		Release|Any CPU = Release|Any CPU
	EndGlobalSection
	GlobalSection(ProjectConfigurationPlatforms) = postSolution
		{83011166-6FFE-4755-8925-1E30BF87595C}.Debug|Any CPU.ActiveCfg = Debug|Any CPU
		{83011166-6FFE-4755-8925-1E30BF87595C}.Debug|Any CPU.Build.0 = Debug|Any CPU
		{83011166-6FFE-4755-8925-1E30BF87595C}.Release|Any CPU.ActiveCfg = Release|Any CPU
		{83011166-6FFE-4755-8925-1E30BF87595C}.Release|Any CPU.Build.0 = Release|Any CPU
	EndGlobalSection
	GlobalSection(SolutionProperties) = preSolution
		HideSolutionNode = FALSE
	EndGlobalSection
	GlobalSection(ExtensibilityGlobals) = postSolution
		SolutionGuid = {216C35E8-F572-476A-8C55-A1B5476231BD}
	EndGlobalSection
EndGlobal
